
Microsoft Visual Studio Solution File, Format Version 12.00
# Visual Studio Version 16
VisualStudioVersion = 16.0.30011.22
MinimumVisualStudioVersion = 10.0.40219.1
Project("{FAE04EC0-301F-11D3-BF4B-00C04F79EFBC}") = "API-JWT", "API-JWT.csproj", "{4992F943-F2CF-45BF-9A20-3C849E7382B2}"
EndProject
Global
	GlobalSection(SolutionConfigurationPlatforms) = preSolution
		Debug|Any CPU = Debug|Any CPU
		Release|Any CPU = Release|Any CPU
	EndGlobalSection
	GlobalSection(ProjectConfigurationPlatforms) = postSolution
		{4992F943-F2CF-45BF-9A20-3C849E7382B2}.Debug|Any CPU.ActiveCfg = Debug|Any CPU
		{4992F943-F2CF-45BF-9A20-3C849E7382B2}.Debug|Any CPU.Build.0 = Debug|Any CPU
		{4992F943-F2CF-45BF-9A20-3C849E7382B2}.Release|Any CPU.ActiveCfg = Release|Any CPU
		{4992F943-F2CF-45BF-9A20-3C849E7382B2}.Release|Any CPU.Build.0 = Release|Any CPU
	EndGlobalSection
	GlobalSection(SolutionProperties) = preSolution
		HideSolutionNode = FALSE
	EndGlobalSection
	GlobalSection(ExtensibilityGlobals) = postSolution
		SolutionGuid = {D8F67FB7-9027-4A36-9C7B-42D04DFE6B8E}
	EndGlobalSection
EndGlobal
